
Microsoft Visual Studio Solution File, Format Version 12.00
# Visual Studio Version 17
VisualStudioVersion = 17.0.31903.59
MinimumVisualStudioVersion = 10.0.40219.1
Project("{FAE04EC0-301F-11D3-BF4B-00C04F79EFBC}") = "Todo.Application", "Todo.Application\Todo.Application.csproj", "{8993B698-D803-4C9F-9C0B-0E5C48139355}"
EndProject
Project("{FAE04EC0-301F-11D3-BF4B-00C04F79EFBC}") = "Todo.Domain", "Todo.Domain\Todo.Domain.csproj", "{E1D9EB50-3D96-4510-B3C6-47B1A4DCD4E2}"
EndProject
Project("{FAE04EC0-301F-11D3-BF4B-00C04F79EFBC}") = "TodoApi", "TodoApi\TodoApi.csproj", "{19B5BD9E-D268-4D44-B09C-B5041CDACE76}"
EndProject
Project("{FAE04EC0-301F-11D3-BF4B-00C04F79EFBC}") = "Todo.Infrastructure", "Todo.Infrastructure\Todo.Infrastructure.csproj", "{ADB975DA-352B-45C0-B164-D9476C1318C0}"
EndProject
Global
	GlobalSection(SolutionConfigurationPlatforms) = preSolution
		Debug|Any CPU = Debug|Any CPU
		Debug|x64 = Debug|x64
		Debug|x86 = Debug|x86
		Release|Any CPU = Release|Any CPU
		Release|x64 = Release|x64
		Release|x86 = Release|x86
	EndGlobalSection
	GlobalSection(ProjectConfigurationPlatforms) = postSolution
		{8993B698-D803-4C9F-9C0B-0E5C48139355}.Debug|Any CPU.ActiveCfg = Debug|Any CPU
		{8993B698-D803-4C9F-9C0B-0E5C48139355}.Debug|Any CPU.Build.0 = Debug|Any CPU
		{8993B698-D803-4C9F-9C0B-0E5C48139355}.Debug|x64.ActiveCfg = Debug|Any CPU
		{8993B698-D803-4C9F-9C0B-0E5C48139355}.Debug|x64.Build.0 = Debug|Any CPU
		{8993B698-D803-4C9F-9C0B-0E5C48139355}.Debug|x86.ActiveCfg = Debug|Any CPU
		{8993B698-D803-4C9F-9C0B-0E5C48139355}.Debug|x86.Build.0 = Debug|Any CPU
		{8993B698-D803-4C9F-9C0B-0E5C48139355}.Release|Any CPU.ActiveCfg = Release|Any CPU
		{8993B698-D803-4C9F-9C0B-0E5C48139355}.Release|Any CPU.Build.0 = Release|Any CPU
		{8993B698-D803-4C9F-9C0B-0E5C48139355}.Release|x64.ActiveCfg = Release|Any CPU
		{8993B698-D803-4C9F-9C0B-0E5C48139355}.Release|x64.Build.0 = Release|Any CPU
		{8993B698-D803-4C9F-9C0B-0E5C48139355}.Release|x86.ActiveCfg = Release|Any CPU
		{8993B698-D803-4C9F-9C0B-0E5C48139355}.Release|x86.Build.0 = Release|Any CPU
		{E1D9EB50-3D96-4510-B3C6-47B1A4DCD4E2}.Debug|Any CPU.ActiveCfg = Debug|Any CPU
		{E1D9EB50-3D96-4510-B3C6-47B1A4DCD4E2}.Debug|Any CPU.Build.0 = Debug|Any CPU
		{E1D9EB50-3D96-4510-B3C6-47B1A4DCD4E2}.Debug|x64.ActiveCfg = Debug|Any CPU
		{E1D9EB50-3D96-4510-B3C6-47B1A4DCD4E2}.Debug|x64.Build.0 = Debug|Any CPU
		{E1D9EB50-3D96-4510-B3C6-47B1A4DCD4E2}.Debug|x86.ActiveCfg = Debug|Any CPU
		{E1D9EB50-3D96-4510-B3C6-47B1A4DCD4E2}.Debug|x86.Build.0 = Debug|Any CPU
		{E1D9EB50-3D96-4510-B3C6-47B1A4DCD4E2}.Release|Any CPU.ActiveCfg = Release|Any CPU
		{E1D9EB50-3D96-4510-B3C6-47B1A4DCD4E2}.Release|Any CPU.Build.0 = Release|Any CPU
		{E1D9EB50-3D96-4510-B3C6-47B1A4DCD4E2}.Release|x64.ActiveCfg = Release|Any CPU
		{E1D9EB50-3D96-4510-B3C6-47B1A4DCD4E2}.Release|x64.Build.0 = Release|Any CPU
		{E1D9EB50-3D96-4510-B3C6-47B1A4DCD4E2}.Release|x86.ActiveCfg = Release|Any CPU
		{E1D9EB50-3D96-4510-B3C6-47B1A4DCD4E2}.Release|x86.Build.0 = Release|Any CPU
		{19B5BD9E-D268-4D44-B09C-B5041CDACE76}.Debug|Any CPU.ActiveCfg = Debug|Any CPU
		{19B5BD9E-D268-4D44-B09C-B5041CDACE76}.Debug|Any CPU.Build.0 = Debug|Any CPU
		{19B5BD9E-D268-4D44-B09C-B5041CDACE76}.Debug|x64.ActiveCfg = Debug|Any CPU
		{19B5BD9E-D268-4D44-B09C-B5041CDACE76}.Debug|x64.Build.0 = Debug|Any CPU
		{19B5BD9E-D268-4D44-B09C-B5041CDACE76}.Debug|x86.ActiveCfg = Debug|Any CPU
		{19B5BD9E-D268-4D44-B09C-B5041CDACE76}.Debug|x86.Build.0 = Debug|Any CPU
		{19B5BD9E-D268-4D44-B09C-B5041CDACE76}.Release|Any CPU.ActiveCfg = Release|Any CPU
		{19B5BD9E-D268-4D44-B09C-B5041CDACE76}.Release|Any CPU.Build.0 = Release|Any CPU
		{19B5BD9E-D268-4D44-B09C-B5041CDACE76}.Release|x64.ActiveCfg = Release|Any CPU
		{19B5BD9E-D268-4D44-B09C-B5041CDACE76}.Release|x64.Build.0 = Release|Any CPU
		{19B5BD9E-D268-4D44-B09C-B5041CDACE76}.Release|x86.ActiveCfg = Release|Any CPU
		{19B5BD9E-D268-4D44-B09C-B5041CDACE76}.Release|x86.Build.0 = Release|Any CPU
		{ADB975DA-352B-45C0-B164-D9476C1318C0}.Debug|Any CPU.ActiveCfg = Debug|Any CPU
		{ADB975DA-352B-45C0-B164-D9476C1318C0}.Debug|Any CPU.Build.0 = Debug|Any CPU
		{ADB975DA-352B-45C0-B164-D9476C1318C0}.Debug|x64.ActiveCfg = Debug|Any CPU
		{ADB975DA-352B-45C0-B164-D9476C1318C0}.Debug|x64.Build.0 = Debug|Any CPU
		{ADB975DA-352B-45C0-B164-D9476C1318C0}.Debug|x86.ActiveCfg = Debug|Any CPU
		{ADB975DA-352B-45C0-B164-D9476C1318C0}.Debug|x86.Build.0 = Debug|Any CPU
		{ADB975DA-352B-45C0-B164-D9476C1318C0}.Release|Any CPU.ActiveCfg = Release|Any CPU
		{ADB975DA-352B-45C0-B164-D9476C1318C0}.Release|Any CPU.Build.0 = Release|Any CPU
		{ADB975DA-352B-45C0-B164-D9476C1318C0}.Release|x64.ActiveCfg = Release|Any CPU
		{ADB975DA-352B-45C0-B164-D9476C1318C0}.Release|x64.Build.0 = Release|Any CPU
		{ADB975DA-352B-45C0-B164-D9476C1318C0}.Release|x86.ActiveCfg = Release|Any CPU
		{ADB975DA-352B-45C0-B164-D9476C1318C0}.Release|x86.Build.0 = Release|Any CPU
	EndGlobalSection
	GlobalSection(SolutionProperties) = preSolution
		HideSolutionNode = FALSE
	EndGlobalSection
EndGlobal
